Microsoft Visual Studio Solution File, Format Version 12.00
# Visual Studio Version 17
VisualStudioVersion = 17.5.2.0
MinimumVisualStudioVersion = 10.0.40219.1
Project("{FAE04EC0-301F-11D3-BF4B-00C04F79EFBC}") = "StudentClassAPI", "StudentClassAPI.csproj", "{380D735D-963C-5CCC-1120-4AC1A30BB535}"
EndProject
Global
	GlobalSection(SolutionConfigurationPlatforms) = preSolution
		Debug|Any CPU = Debug|Any CPU
		Release|Any CPU = Release|Any CPU
	EndGlobalSection
	GlobalSection(ProjectConfigurationPlatforms) = postSolution
		{380D735D-963C-5CCC-1120-4AC1A30BB535}.Debug|Any CPU.ActiveCfg = Debug|Any CPU
		{380D735D-963C-5CCC-1120-4AC1A30BB535}.Debug|Any CPU.Build.0 = Debug|Any CPU
		{380D735D-963C-5CCC-1120-4AC1A30BB535}.Release|Any CPU.ActiveCfg = Release|Any CPU
		{380D735D-963C-5CCC-1120-4AC1A30BB535}.Release|Any CPU.Build.0 = Release|Any CPU
	EndGlobalSection
	GlobalSection(SolutionProperties) = preSolution
		HideSolutionNode = FALSE
	EndGlobalSection
	GlobalSection(ExtensibilityGlobals) = postSolution
		SolutionGuid = {3A9E92E4-F8C0-43E1-ACD3-E02A985F1994}
	EndGlobalSection
EndGlobal
